// !$*UTF8*$!
{
	archiveVersion = 1;
	classes = {
	};
	objectVersion = 46;
	objects = {

/* Begin PBXBuildFile section */
		4285E8491BA83F51003BCD07 /* NSDate+Help.m in Sources */ = {isa = PBXBuildFile; fileRef = 4285E8481BA83F51003BCD07 /* NSDate+Help.m */; };
		42E0BB071BA6CD7F001E48BE /* main.m in Sources */ = {isa = PBXBuildFile; fileRef = 42E0BB061BA6CD7F001E48BE /* main.m */; };
		42E0BB0A1BA6CD7F001E48BE /* AppDelegate.m in Sources */ = {isa = PBXBuildFile; fileRef = 42E0BB091BA6CD7F001E48BE /* AppDelegate.m */; };
		42E0BB0D1BA6CD7F001E48BE /* time_date.xcdatamodeld in Sources */ = {isa = PBXBuildFile; fileRef = 42E0BB0B1BA6CD7F001E48BE /* time_date.xcdatamodeld */; };
		42E0BB101BA6CD7F001E48BE /* ViewController.m in Sources */ = {isa = PBXBuildFile; fileRef = 42E0BB0F1BA6CD7F001E48BE /* ViewController.m */; };
		42E0BB131BA6CD7F001E48BE /* Main.storyboard in Resources */ = {isa = PBXBuildFile; fileRef = 42E0BB111BA6CD7F001E48BE /* Main.storyboard */; };
		42E0BB151BA6CD7F001E48BE /* Images.xcassets in Resources */ = {isa = PBXBuildFile; fileRef = 42E0BB141BA6CD7F001E48BE /* Images.xcassets */; };
		42E0BB181BA6CD7F001E48BE /* LaunchScreen.xib in Resources */ = {isa = PBXBuildFile; fileRef = 42E0BB161BA6CD7F001E48BE /* LaunchScreen.xib */; };
		42E0BB241BA6CD80001E48BE /* time_dateTests.m in Sources */ = {isa = PBXBuildFile; fileRef = 42E0BB231BA6CD80001E48BE /* time_dateTests.m */; };
		42E0BB321BA6CFF2001E48BE /* CountdownSeting.m in Sources */ = {isa = PBXBuildFile; fileRef = 42E0BB311BA6CFF2001E48BE /* CountdownSeting.m */; };
/* End PBXBuildFile section */

/* Begin PBXContainerItemProxy section */
		42E0BB1E1BA6CD7F001E48BE /* PBXContainerItemProxy */ = {
			isa = PBXContainerItemProxy;
			containerPortal = 42E0BAF91BA6CD7F001E48BE /* Project object */;
			proxyType = 1;
			remoteGlobalIDString = 42E0BB001BA6CD7F001E48BE;
			remoteInfo = time_date;
		};
/* End PBXContainerItemProxy section */

/* Begin PBXFileReference section */
		4285E8471BA83F51003BCD07 /* NSDate+Help.h */ = {isa = PBXFileReference; fileEncoding = 4; lastKnownFileType = sourcecode.c.h; name = "NSDate+Help.h"; path = "time_date/NSDate+Help.h"; sourceTree = "<group>"; };
		4285E8481BA83F51003BCD07 /* NSDate+Help.m */ = {isa = PBXFileReference; fileEncoding = 4; lastKnownFileType = sourcecode.c.objc; name = "NSDate+Help.m"; path = "time_date/NSDate+Help.m"; sourceTree = "<group>"; };
		42E0BB011BA6CD7F001E48BE /* time_date.app */ = {isa = PBXFileReference; explicitFileType = wrapper.application; includeInIndex = 0; path = time_date.app; sourceTree = BUILT_PRODUCTS_DIR; };
		42E0BB051BA6CD7F001E48BE /* Info.plist */ = {isa = PBXFileReference; lastKnownFileType = text.plist.xml; path = Info.plist; sourceTree = "<group>"; };
		42E0BB061BA6CD7F001E48BE /* main.m */ = {isa = PBXFileReference; lastKnownFileType = sourcecode.c.objc; path = main.m; sourceTree = "<group>"; };
		42E0BB081BA6CD7F001E48BE /* AppDelegate.h */ = {isa = PBXFileReference; lastKnownFileType = sourcecode.c.h; path = AppDelegate.h; sourceTree = "<group>"; };
		42E0BB091BA6CD7F001E48BE /* AppDelegate.m */ = {isa = PBXFileReference; lastKnownFileType = sourcecode.c.objc; path = AppDelegate.m; sourceTree = "<group>"; };
		42E0BB0C1BA6CD7F001E48BE /* time_date.xcdatamodel */ = {isa = PBXFileReference; lastKnownFileType = wrapper.xcdatamodel; path = time_date.xcdatamodel; sourceTree = "<group>"; };
		42E0BB0E1BA6CD7F001E48BE /* ViewController.h */ = {isa = PBXFileReference; lastKnownFileType = sourcecode.c.h; path = ViewController.h; sourceTree = "<group>"; };
		42E0BB0F1BA6CD7F001E48BE /* ViewController.m */ = {isa = PBXFileReference; lastKnownFileType = sourcecode.c.objc; path = ViewController.m; sourceTree = "<group>"; };
		42E0BB121BA6CD7F001E48BE /* Base */ = {isa = PBXFileReference; lastKnownFileType = file.storyboard; name = Base; path = Base.lproj/Main.storyboard; sourceTree = "<group>"; };
		42E0BB141BA6CD7F001E48BE /* Images.xcassets */ = {isa = PBXFileReference; lastKnownFileType = folder.assetcatalog; path = Images.xcassets; sourceTree = "<group>"; };
		42E0BB171BA6CD7F001E48BE /* Base */ = {isa = PBXFileReference; lastKnownFileType = file.xib; name = Base; path = Base.lproj/LaunchScreen.xib; sourceTree = "<group>"; };
		42E0BB1D1BA6CD7F001E48BE /* time_dateTests.xctest */ = {isa = PBXFileReference; explicitFileType = wrapper.cfbundle; includeInIndex = 0; path = time_dateTests.xctest; sourceTree = BUILT_PRODUCTS_DIR; };
		42E0BB221BA6CD80001E48BE /* Info.plist */ = {isa = PBXFileReference; lastKnownFileType = text.plist.xml; path = Info.plist; sourceTree = "<group>"; };
		42E0BB231BA6CD80001E48BE /* time_dateTests.m */ = {isa = PBXFileReference; lastKnownFileType = sourcecode.c.objc; path = time_dateTests.m; sourceTree = "<group>"; };
		42E0BB301BA6CFF2001E48BE /* CountdownSeting.h */ = {isa = PBXFileReference; fileEncoding = 4; lastKnownFileType = sourcecode.c.h; path = CountdownSeting.h; sourceTree = "<group>"; };
		42E0BB311BA6CFF2001E48BE /* CountdownSeting.m */ = {isa = PBXFileReference; fileEncoding = 4; lastKnownFileType = sourcecode.c.objc; path = CountdownSeting.m; sourceTree = "<group>"; };
/* End PBXFileReference section */

/* Begin PBXFrameworksBuildPhase section */
		42E0BAFE1BA6CD7F001E48BE /* Frameworks */ = {
			isa = PBXFrameworksBuildPhase;
			buildActionMask = 2147483647;
			files = (
			);
			runOnlyForDeploymentPostprocessing = 0;
		};
		42E0BB1A1BA6CD7F001E48BE /* Frameworks */ = {
			isa = PBXFrameworksBuildPhase;
			buildActionMask = 2147483647;
			files = (
			);
			runOnlyForDeploymentPostprocessing = 0;
		};
/* End PBXFrameworksBuildPhase section */

/* Begin PBXGroup section */
		42E0BAF81BA6CD7F001E48BE = {
			isa = PBXGroup;
			children = (
				4285E8471BA83F51003BCD07 /* NSDate+Help.h */,
				4285E8481BA83F51003BCD07 /* NSDate+Help.m */,
				42E0BB031BA6CD7F001E48BE /* time_date */,
				42E0BB201BA6CD7F001E48BE /* time_dateTests */,
				42E0BB021BA6CD7F001E48BE /* Products */,
			);
			sourceTree = "<group>";
		};
		42E0BB021BA6CD7F001E48BE /* Products */ = {
			isa = PBXGroup;
			children = (
				42E0BB011BA6CD7F001E48BE /* time_date.app */,
				42E0BB1D1BA6CD7F001E48BE /* time_dateTests.xctest */,
			);
			name = Products;
			sourceTree = "<group>";
		};
		42E0BB031BA6CD7F001E48BE /* time_date */ = {
			isa = PBXGroup;
			children = (
				42E0BB081BA6CD7F001E48BE /* AppDelegate.h */,
				42E0BB091BA6CD7F001E48BE /* AppDelegate.m */,
				42E0BB0E1BA6CD7F001E48BE /* ViewController.h */,
				42E0BB0F1BA6CD7F001E48BE /* ViewController.m */,
				42E0BB111BA6CD7F001E48BE /* Main.storyboard */,
				42E0BB141BA6CD7F001E48BE /* Images.xcassets */,
				42E0BB161BA6CD7F001E48BE /* LaunchScreen.xib */,
				42E0BB0B1BA6CD7F001E48BE /* time_date.xcdatamodeld */,
				42E0BB041BA6CD7F001E48BE /* Supporting Files */,
				42E0BB301BA6CFF2001E48BE /* CountdownSeting.h */,
				42E0BB311BA6CFF2001E48BE /* CountdownSeting.m */,
			);
			path = time_date;
			sourceTree = "<group>";
		};
		42E0BB041BA6CD7F001E48BE /* Supporting Files */ = {
			isa = PBXGroup;
			children = (
				42E0BB051BA6CD7F001E48BE /* Info.plist */,
				42E0BB061BA6CD7F001E48BE /* main.m */,
			);
			name = "Supporting Files";
			sourceTree = "<group>";
		};
		42E0BB201BA6CD7F001E48BE /* time_dateTests */ = {
			isa = PBXGroup;
			children = (
				42E0BB231BA6CD80001E48BE /* time_dateTests.m */,
				42E0BB211BA6CD80001E48BE /* Supporting Files */,
			);
			path = time_dateTests;
			sourceTree = "<group>";
		};
		42E0BB211BA6CD80001E48BE /* Supporting Files */ = {
			isa = PBXGroup;
			children = (
				42E0BB221BA6CD80001E48BE /* Info.plist */,
			);
			name = "Supporting Files";
			sourceTree = "<group>";
		};
/* End PBXGroup section */

/* Begin PBXNativeTarget section */
		42E0BB001BA6CD7F001E48BE /* time_date */ = {
			isa = PBXNativeTarget;
			buildConfigurationList = 42E0BB271BA6CD80001E48BE /* Build configuration list for PBXNativeTarget "time_date" */;
			buildPhases = (
				42E0BAFD1BA6CD7F001E48BE /* Sources */,
				42E0BAFE1BA6CD7F001E48BE /* Frameworks */,
				42E0BAFF1BA6CD7F001E48BE /* Resources */,
			);
			buildRules = (
			);
			dependencies = (
			);
			name = time_date;
			productName = time_date;
			productReference = 42E0BB011BA6CD7F001E48BE /* time_date.app */;
			productType = "com.apple.product-type.application";
		};
		42E0BB1C1BA6CD7F001E48BE /* time_dateTests */ = {
			isa = PBXNativeTarget;
			buildConfigurationList = 42E0BB2A1BA6CD80001E48BE /* Build configuration list for PBXNativeTarget "time_dateTests" */;
			buildPhases = (
				42E0BB191BA6CD7F001E48BE /* Sources */,
				42E0BB1A1BA6CD7F001E48BE /* Frameworks */,
				42E0BB1B1BA6CD7F001E48BE /* Resources */,
			);
			buildRules = (
			);
			dependencies = (
				42E0BB1F1BA6CD7F001E48BE /* PBXTargetDependency */,
			);
			name = time_dateTests;
			productName = time_dateTests;
			productReference = 42E0BB1D1BA6CD7F001E48BE /* time_dateTests.xctest */;
			productType = "com.apple.product-type.bundle.unit-test";
		};
/* End PBXNativeTarget section */

/* Begin PBXProject section */
		42E0BAF91BA6CD7F001E48BE /* Project object */ = {
			isa = PBXProject;
			attributes = {
				LastUpgradeCheck = 0640;
				ORGANIZATIONNAME = lee;
				TargetAttributes = {
					42E0BB001BA6CD7F001E48BE = {
						CreatedOnToolsVersion = 6.4;
					};
					42E0BB1C1BA6CD7F001E48BE = {
						CreatedOnToolsVersion = 6.4;
						TestTargetID = 42E0BB001BA6CD7F001E48BE;
					};
				};
			};
			buildConfigurationList = 42E0BAFC1BA6CD7F001E48BE /* Build configuration list for PBXProject "time_date" */;
			compatibilityVersion = "Xcode 3.2";
			developmentRegion = English;
			hasScannedForEncodings = 0;
			knownRegions = (
				en,
				Base,
			);
			mainGroup = 42E0BAF81BA6CD7F001E48BE;
			productRefGroup = 42E0BB021BA6CD7F001E48BE /* Products */;
			projectDirPath = "";
			projectRoot = "";
			targets = (
				42E0BB001BA6CD7F001E48BE /* time_date */,
				42E0BB1C1BA6CD7F001E48BE /* time_dateTests */,
			);
		};
/* End PBXProject section */

/* Begin PBXResourcesBuildPhase section */
		42E0BAFF1BA6CD7F001E48BE /* Resources */ = {
			isa = PBXResourcesBuildPhase;
			buildActionMask = 2147483647;
			files = (
				42E0BB131BA6CD7F001E48BE /* Main.storyboard in Resources */,
				42E0BB181BA6CD7F001E48BE /* LaunchScreen.xib in Resources */,
				42E0BB151BA6CD7F001E48BE /* Images.xcassets in Resources */,
			);
			runOnlyForDeploymentPostprocessing = 0;
		};
		42E0BB1B1BA6CD7F001E48BE /* Resources */ = {
			isa = PBXResourcesBuildPhase;
			buildActionMask = 2147483647;
			files = (
			);
			runOnlyForDeploymentPostprocessing = 0;
		};
/* End PBXResourcesBuildPhase section */

/* Begin PBXSourcesBuildPhase section */
		42E0BAFD1BA6CD7F001E48BE /* Sources */ = {
			isa = PBXSourcesBuildPhase;
			buildActionMask = 2147483647;
			files = (
				42E0BB0A1BA6CD7F001E48BE /* AppDelegate.m in Sources */,
				42E0BB321BA6CFF2001E48BE /* CountdownSeting.m in Sources */,
				42E0BB071BA6CD7F001E48BE /* main.m in Sources */,
				42E0BB101BA6CD7F001E48BE /* ViewController.m in Sources */,
				42E0BB0D1BA6CD7F001E48BE /* time_date.xcdatamodeld in Sources */,
				4285E8491BA83F51003BCD07 /* NSDate+Help.m in Sources */,
			);
			runOnlyForDeploymentPostprocessing = 0;
		};
		42E0BB191BA6CD7F001E48BE /* Sources */ = {
			isa = PBXSourcesBuildPhase;
			buildActionMask = 2147483647;
			files = (
				42E0BB241BA6CD80001E48BE /* time_dateTests.m in Sources */,
			);
			runOnlyForDeploymentPostprocessing = 0;
		};
/* End PBXSourcesBuildPhase section */

/* Begin PBXTargetDependency section */
		42E0BB1F1BA6CD7F001E48BE /* PBXTargetDependency */ = {
			isa = PBXTargetDependency;
			target = 42E0BB001BA6CD7F001E48BE /* time_date */;
			targetProxy = 42E0BB1E1BA6CD7F001E48BE /* PBXContainerItemProxy */;
		};
/* End PBXTargetDependency section */

/* Begin PBXVariantGroup section */
		42E0BB111BA6CD7F001E48BE /* Main.storyboard */ = {
			isa = PBXVariantGroup;
			children = (
				42E0BB121BA6CD7F001E48BE /* Base */,
			);
			name = Main.storyboard;
			sourceTree = "<group>";
		};
		42E0BB161BA6CD7F001E48BE /* LaunchScreen.xib */ = {
			isa = PBXVariantGroup;
			children = (
				42E0BB171BA6CD7F001E48BE /* Base */,
			);
			name = LaunchScreen.xib;
			sourceTree = "<group>";
		};
/* End PBXVariantGroup section */

/* Begin XCBuildConfiguration section */
		42E0BB251BA6CD80001E48BE /* Debug */ = {
			isa = XCBuildConfiguration;
			buildSettings = {
				ALWAYS_SEARCH_USER_PATHS = NO;
				CLANG_CXX_LANGUAGE_STANDARD = "gnu++0x";
				CLANG_CXX_LIBRARY = "libc++";
				CLANG_ENABLE_MODULES = YES;
				CLANG_ENABLE_OBJC_ARC = YES;
				CLANG_WARN_BOOL_CONVERSION = YES;
				CLANG_WARN_CONSTANT_CONVERSION = YES;
				CLANG_WARN_DIRECT_OBJC_ISA_USAGE = YES_ERROR;
				CLANG_WARN_EMPTY_BODY = YES;
				CLANG_WARN_ENUM_CONVERSION = YES;
				CLANG_WARN_INT_CONVERSION = YES;
				CLANG_WARN_OBJC_ROOT_CLASS = YES_ERROR;
				CLANG_WARN_UNREACHABLE_CODE = YES;
				CLANG_WARN__DUPLICATE_METHOD_MATCH = YES;
				"CODE_SIGN_IDENTITY[sdk=iphoneos*]" = "iPhone Developer";
				COPY_PHASE_STRIP = NO;
				DEBUG_INFORMATION_FORMAT = "dwarf-with-dsym";
				ENABLE_STRICT_OBJC_MSGSEND = YES;
				GCC_C_LANGUAGE_STANDARD = gnu99;
				GCC_DYNAMIC_NO_PIC = NO;
				GCC_NO_COMMON_BLOCKS = YES;
				GCC_OPTIMIZATION_LEVEL = 0;
				GCC_PREPROCESSOR_DEFINITIONS = (
					"DEBUG=1",
					"$(inherited)",
				);
				GCC_SYMBOLS_PRIVATE_EXTERN = NO;
				GCC_WARN_64_TO_32_BIT_CONVERSION = YES;
				GCC_WARN_ABOUT_RETURN_TYPE = YES_ERROR;
				GCC_WARN_UNDECLARED_SELECTOR = YES;
				GCC_WARN_UNINITIALIZED_AUTOS = YES_AGGRESSIVE;
				GCC_WARN_UNUSED_FUNCTION = YES;
				GCC_WARN_UNUSED_VARIABLE = YES;
				IPHONEOS_DEPLOYMENT_TARGET = 8.4;
				MTL_ENABLE_DEBUG_INFO = YES;
				ONLY_ACTIVE_ARCH = YES;
				SDKROOT = iphoneos;
			};
			name = Debug;
		};
		42E0BB261BA6CD80001E48BE /* Release */ = {
			isa = XCBuildConfiguration;
			buildSettings = {
				ALWAYS_SEARCH_USER_PATHS = NO;
				CLANG_CXX_LANGUAGE_STANDARD = "gnu++0x";
				CLANG_CXX_LIBRARY = "libc++";
				CLANG_ENABLE_MODULES = YES;
				CLANG_ENABLE_OBJC_ARC = YES;
				CLANG_WARN_BOOL_CONVERSION = YES;
				CLANG_WARN_CONSTANT_CONVERSION = YES;
				CLANG_WARN_DIRECT_OBJC_ISA_USAGE = YES_ERROR;
				CLANG_WARN_EMPTY_BODY = YES;
				CLANG_WARN_ENUM_CONVERSION = YES;
				CLANG_WARN_INT_CONVERSION = YES;
				CLANG_WARN_OBJC_ROOT_CLASS = YES_ERROR;
				CLANG_WARN_UNREACHABLE_CODE = YES;
				CLANG_WARN__DUPLICATE_METHOD_MATCH = YES;
				"CODE_SIGN_IDENTITY[sdk=iphoneos*]" = "iPhone Developer";
				COPY_PHASE_STRIP = NO;
				DEBUG_INFORMATION_FORMAT = "dwarf-with-dsym";
				ENABLE_NS_ASSERTIONS = NO;
				ENABLE_STRICT_OBJC_MSGSEND = YES;
				GCC_C_LANGUAGE_STANDARD = gnu99;
				GCC_NO_COMMON_BLOCKS = YES;
				GCC_WARN_64_TO_32_BIT_CONVERSION = YES;
				GCC_WARN_ABOUT_RETURN_TYPE = YES_ERROR;
				GCC_WARN_UNDECLARED_SELECTOR = YES;
				GCC_WARN_UNINITIALIZED_AUTOS = YES_AGGRESSIVE;
				GCC_WARN_UNUSED_FUNCTION = YES;
				GCC_WARN_UNUSED_VARIABLE = YES;
				IPHONEOS_DEPLOYMENT_TARGET = 8.4;
				MTL_ENABLE_DEBUG_INFO = NO;
				SDKROOT = iphoneos;
				VALIDATE_PRODUCT = YES;
			};
			name = Release;
		};
		42E0BB281BA6CD80001E48BE /* Debug */ = {
			isa = XCBuildConfiguration;
			buildSettings = {
				ASSETCATALOG_COMPILER_APPICON_NAME = AppIcon;
				INFOPLIST_FILE = time_date/Info.plist;
				LD_RUNPATH_SEARCH_PATHS = "$(inherited) @executable_path/Frameworks";
				PRODUCT_NAME = "$(TARGET_NAME)";
			};
			name = Debug;
		};
		42E0BB291BA6CD80001E48BE /* Release */ = {
			isa = XCBuildConfiguration;
			buildSettings = {
				ASSETCATALOG_COMPILER_APPICON_NAME = AppIcon;
				INFOPLIST_FILE = time_date/Info.plist;
				LD_RUNPATH_SEARCH_PATHS = "$(inherited) @executable_path/Frameworks";
				PRODUCT_NAME = "$(TARGET_NAME)";
			};
			name = Release;
		};
		42E0BB2B1BA6CD80001E48BE /* Debug */ = {
			isa = XCBuildConfiguration;
			buildSettings = {
				BUNDLE_LOADER = "$(TEST_HOST)";
				FRAMEWORK_SEARCH_PATHS = (
					"$(SDKROOT)/Developer/Library/Frameworks",
					"$(inherited)",
				);
				GCC_PREPROCESSOR_DEFINITIONS = (
					"DEBUG=1",
					"$(inherited)",
				);
				INFOPLIST_FILE = time_dateTests/Info.plist;
				LD_RUNPATH_SEARCH_PATHS = "$(inherited) @executable_path/Frameworks @loader_path/Frameworks";
				PRODUCT_NAME = "$(TARGET_NAME)";
				TEST_HOST = "$(BUILT_PRODUCTS_DIR)/time_date.app/time_date";
			};
			name = Debug;
		};
		42E0BB2C1BA6CD80001E48BE /* Release */ = {
			isa = XCBuildConfiguration;
			buildSettings = {
				BUNDLE_LOADER = "$(TEST_HOST)";
				FRAMEWORK_SEARCH_PATHS = (
					"$(SDKROOT)/Developer/Library/Frameworks",
					"$(inherited)",
				);
				INFOPLIST_FILE = time_dateTests/Info.plist;
				LD_RUNPATH_SEARCH_PATHS = "$(inherited) @executable_path/Frameworks @loader_path/Frameworks";
				PRODUCT_NAME = "$(TARGET_NAME)";
				TEST_HOST = "$(BUILT_PRODUCTS_DIR)/time_date.app/time_date";
			};
			name = Release;
		};
/* End XCBuildConfiguration section */

/* Begin XCConfigurationList section */
		42E0BAFC1BA6CD7F001E48BE /* Build configuration list for PBXProject "time_date" */ = {
			isa = XCConfigurationList;
			buildConfigurations = (
				42E0BB251BA6CD80001E48BE /* Debug */,
				42E0BB261BA6CD80001E48BE /* Release */,
			);
			defaultConfigurationIsVisible = 0;
			defaultConfigurationName = Release;
		};
		42E0BB271BA6CD80001E48BE /* Build configuration list for PBXNativeTarget "time_date" */ = {
			isa = XCConfigurationList;
			buildConfigurations = (
				42E0BB281BA6CD80001E48BE /* Debug */,
				42E0BB291BA6CD80001E48BE /* Release */,
			);
			defaultConfigurationIsVisible = 0;
			defaultConfigurationName = Release;
		};
		42E0BB2A1BA6CD80001E48BE /* Build configuration list for PBXNativeTarget "time_dateTests" */ = {
			isa = XCConfigurationList;
			buildConfigurations = (
				42E0BB2B1BA6CD80001E48BE /* Debug */,
				42E0BB2C1BA6CD80001E48BE /* Release */,
			);
			defaultConfigurationIsVisible = 0;
			defaultConfigurationName = Release;
		};
/* End XCConfigurationList section */

/* Begin XCVersionGroup section */
		42E0BB0B1BA6CD7F001E48BE /* time_date.xcdatamodeld */ = {
			isa = XCVersionGroup;
			children = (
				42E0BB0C1BA6CD7F001E48BE /* time_date.xcdatamodel */,
			);
			currentVersion = 42E0BB0C1BA6CD7F001E48BE /* time_date.xcdatamodel */;
			path = time_date.xcdatamodeld;
			sourceTree = "<group>";
			versionGroupType = wrapper.xcdatamodel;
		};
/* End XCVersionGroup section */
	};
	rootObject = 42E0BAF91BA6CD7F001E48BE /* Project object */;
}
